
Microsoft Visual Studio Solution File, Format Version 12.00
# Visual Studio Version 16
VisualStudioVersion = 16.0.33927.289
MinimumVisualStudioVersion = 10.0.40219.1
Project("{2150E333-8FDC-42A3-9474-1A3956D46DE8}") = "Project", "Project", "{0A6C6AAF-C2D6-46FC-BDBB-FB7556AD560B}"
EndProject
Project("{FAE04EC0-301F-11D3-BF4B-00C04F79EFBC}") = "Tyuiu.KultyshevaEA.Sprint7.Project.V12.Lib", "Tyuiu.KultyshevaEA.Sprint7.Project.V12.Lib\Tyuiu.KultyshevaEA.Sprint7.Project.V12.Lib.csproj", "{64476CF0-0FFB-4051-837A-E2EAAC13B58C}"
EndProject
Project("{FAE04EC0-301F-11D3-BF4B-00C04F79EFBC}") = "Tyuiu.KultyshevaEA.Sprint7.Project.V12.Test", "Tyuiu.KultyshevaEA.Sprint7.Project.V12.Test\Tyuiu.KultyshevaEA.Sprint7.Project.V12.Test.csproj", "{FDB43BF3-D597-47B7-B0B3-4FA4A325238C}"
EndProject
Project("{FAE04EC0-301F-11D3-BF4B-00C04F79EFBC}") = "Tyuiu.KultyshevaEA.Sprint7.Project.V12", "Tyuiu.KultyshevaEA.Sprint7.Project.V12\Tyuiu.KultyshevaEA.Sprint7.Project.V12.csproj", "{F8C09E23-16D4-4278-A1CD-D79495F391E6}"
EndProject
Global
	GlobalSection(SolutionConfigurationPlatforms) = preSolution
		Debug|Any CPU = Debug|Any CPU
		Release|Any CPU = Release|Any CPU
	EndGlobalSection
	GlobalSection(ProjectConfigurationPlatforms) = postSolution
		{64476CF0-0FFB-4051-837A-E2EAAC13B58C}.Debug|Any CPU.ActiveCfg = Debug|Any CPU
		{64476CF0-0FFB-4051-837A-E2EAAC13B58C}.Debug|Any CPU.Build.0 = Debug|Any CPU
		{64476CF0-0FFB-4051-837A-E2EAAC13B58C}.Release|Any CPU.ActiveCfg = Release|Any CPU
		{64476CF0-0FFB-4051-837A-E2EAAC13B58C}.Release|Any CPU.Build.0 = Release|Any CPU
		{FDB43BF3-D597-47B7-B0B3-4FA4A325238C}.Debug|Any CPU.ActiveCfg = Debug|Any CPU
		{FDB43BF3-D597-47B7-B0B3-4FA4A325238C}.Debug|Any CPU.Build.0 = Debug|Any CPU
		{FDB43BF3-D597-47B7-B0B3-4FA4A325238C}.Release|Any CPU.ActiveCfg = Release|Any CPU
		{FDB43BF3-D597-47B7-B0B3-4FA4A325238C}.Release|Any CPU.Build.0 = Release|Any CPU
		{F8C09E23-16D4-4278-A1CD-D79495F391E6}.Debug|Any CPU.ActiveCfg = Debug|Any CPU
		{F8C09E23-16D4-4278-A1CD-D79495F391E6}.Debug|Any CPU.Build.0 = Debug|Any CPU
		{F8C09E23-16D4-4278-A1CD-D79495F391E6}.Release|Any CPU.ActiveCfg = Release|Any CPU
		{F8C09E23-16D4-4278-A1CD-D79495F391E6}.Release|Any CPU.Build.0 = Release|Any CPU
	EndGlobalSection
	GlobalSection(SolutionProperties) = preSolution
		HideSolutionNode = FALSE
	EndGlobalSection
	GlobalSection(NestedProjects) = preSolution
		{64476CF0-0FFB-4051-837A-E2EAAC13B58C} = {0A6C6AAF-C2D6-46FC-BDBB-FB7556AD560B}
		{FDB43BF3-D597-47B7-B0B3-4FA4A325238C} = {0A6C6AAF-C2D6-46FC-BDBB-FB7556AD560B}
		{F8C09E23-16D4-4278-A1CD-D79495F391E6} = {0A6C6AAF-C2D6-46FC-BDBB-FB7556AD560B}
	EndGlobalSection
	GlobalSection(ExtensibilityGlobals) = postSolution
		SolutionGuid = {BABFE0BC-00A8-419A-9FCD-08546FB4D792}
	EndGlobalSection
EndGlobal
